
Microsoft Visual Studio Solution File, Format Version 12.00
# Visual Studio Version 17
VisualStudioVersion = 17.14.36915.13 d17.14
MinimumVisualStudioVersion = 10.0.40219.1
Project("{FAE04EC0-301F-11D3-BF4B-00C04F79EFBC}") = "TransPol", "TransPol.csproj", "{B43261D3-6CCD-4644-A86D-A5F56F03AFFE}"
EndProject
Global
	GlobalSection(SolutionConfigurationPlatforms) = preSolution
		Debug|Any CPU = Debug|Any CPU
		Release|Any CPU = Release|Any CPU
	EndGlobalSection
	GlobalSection(ProjectConfigurationPlatforms) = postSolution
		{B43261D3-6CCD-4644-A86D-A5F56F03AFFE}.Debug|Any CPU.ActiveCfg = Debug|Any CPU
		{B43261D3-6CCD-4644-A86D-A5F56F03AFFE}.Debug|Any CPU.Build.0 = Debug|Any CPU
		{B43261D3-6CCD-4644-A86D-A5F56F03AFFE}.Release|Any CPU.ActiveCfg = Release|Any CPU
		{B43261D3-6CCD-4644-A86D-A5F56F03AFFE}.Release|Any CPU.Build.0 = Release|Any CPU
	EndGlobalSection
	GlobalSection(SolutionProperties) = preSolution
		HideSolutionNode = FALSE
	EndGlobalSection
	GlobalSection(ExtensibilityGlobals) = postSolution
		SolutionGuid = {B0695091-AE18-4F3C-B298-7F3CBCA666FE}
	EndGlobalSection
EndGlobal
